
Microsoft Visual Studio Solution File, Format Version 12.00
# Visual Studio 15
VisualStudioVersion = 15.0.28010.2026
MinimumVisualStudioVersion = 10.0.40219.1
Project("{FAE04EC0-301F-11D3-BF4B-00C04F79EFBC}") = "EvolutionModel", "EvolutionModel.csproj", "{C708444F-AAFE-422B-986D-6A45B310D51E}"
EndProject
Global
	GlobalSection(SolutionConfigurationPlatforms) = preSolution
		Debug|Any CPU = Debug|Any CPU
		Release|Any CPU = Release|Any CPU
	EndGlobalSection
	GlobalSection(ProjectConfigurationPlatforms) = postSolution
		{C708444F-AAFE-422B-986D-6A45B310D51E}.Debug|Any CPU.ActiveCfg = Debug|Any CPU
		{C708444F-AAFE-422B-986D-6A45B310D51E}.Debug|Any CPU.Build.0 = Debug|Any CPU
		{C708444F-AAFE-422B-986D-6A45B310D51E}.Release|Any CPU.ActiveCfg = Release|Any CPU
		{C708444F-AAFE-422B-986D-6A45B310D51E}.Release|Any CPU.Build.0 = Release|Any CPU
	EndGlobalSection
	GlobalSection(SolutionProperties) = preSolution
		HideSolutionNode = FALSE
	EndGlobalSection
	GlobalSection(ExtensibilityGlobals) = postSolution
		SolutionGuid = {6FD90D02-5796-4D71-AF3C-6819F02A6F12}
	EndGlobalSection
EndGlobal
